
Microsoft Visual Studio Solution File, Format Version 12.00
# Visual Studio Version 17
VisualStudioVersion = 17.6.33829.357
MinimumVisualStudioVersion = 10.0.40219.1
Project("{2150E333-8FDC-42A3-9474-1A3956D46DE8}") = "Services", "Services", "{BE361394-908A-45EC-B5F0-A81DCDC2FDCA}"
EndProject
Project("{2150E333-8FDC-42A3-9474-1A3956D46DE8}") = "Frontends", "Frontends", "{AAA7D7CE-8ED3-47D2-A07E-D2D4C9F38E2B}"
EndProject
Project("{2150E333-8FDC-42A3-9474-1A3956D46DE8}") = "Basket", "Basket", "{0C0D7E0F-2B23-4565-9AFD-B0D33EB4DE98}"
EndProject
Project("{2150E333-8FDC-42A3-9474-1A3956D46DE8}") = "Order", "Order", "{66DAAD1D-0109-4680-B2BC-6423EEF96EDC}"
EndProject
Project("{2150E333-8FDC-42A3-9474-1A3956D46DE8}") = "Catalog", "Catalog", "{021A3B6B-45F2-4B3F-8471-97A67020AA82}"
EndProject
Project("{2150E333-8FDC-42A3-9474-1A3956D46DE8}") = "Discount", "Discount", "{7FDD7FF8-74EF-4AC4-880A-7395FA58A403}"
EndProject
Project("{2150E333-8FDC-42A3-9474-1A3956D46DE8}") = "Payment", "Payment", "{B38C0C65-611F-4CFF-A597-EBF94A257688}"
EndProject
Project("{2150E333-8FDC-42A3-9474-1A3956D46DE8}") = "Gateways", "Gateways", "{018B79E7-5592-469C-8891-7363A1F5467A}"
EndProject
Project("{2150E333-8FDC-42A3-9474-1A3956D46DE8}") = "ToDo", "ToDo", "{BD9EF729-C555-4A6A-9E0E-336E24D0A366}"
EndProject
Project("{2150E333-8FDC-42A3-9474-1A3956D46DE8}") = "Cargo", "Cargo", "{629CC116-B2A6-49FF-BE4D-1E12163FAC8D}"
EndProject
Project("{9A19103F-16F7-4668-BE54-9A1E7A4F7556}") = "CasgemMicroservices.Basket", "Services\Baskte\CasgemMicroservices.Basket\CasgemMicroservices.Basket.csproj", "{3C7C7CCB-5FEC-4D9F-B35A-A87D2A03CFC4}"
EndProject
Project("{9A19103F-16F7-4668-BE54-9A1E7A4F7556}") = "CasgemMicroservices.Discount", "Services\Discount\CasgemMicroservices.Discount\CasgemMicroservices.Discount.csproj", "{C4B84976-0949-4B7A-B47D-CBD9DA635AD8}"
EndProject
Project("{9A19103F-16F7-4668-BE54-9A1E7A4F7556}") = "CasgemMicroservices.Order", "Services\Order\CasgemMicroservices.Order\CasgemMicroservices.Order.csproj", "{8C38FE8C-BBBF-4C14-81EF-820681E50E5F}"
EndProject
Project("{9A19103F-16F7-4668-BE54-9A1E7A4F7556}") = "CasgemMicroservices.Cargo", "Services\Cargo\CasgemMicroservices.Cargo\CasgemMicroservices.Cargo.csproj", "{FF4ADA2B-E993-4A84-9755-9110C01C2914}"
EndProject
Project("{9A19103F-16F7-4668-BE54-9A1E7A4F7556}") = "CasgemMicroservices.Payment", "Services\Payment\CasgemMicroservices.Payment\CasgemMicroservices.Payment.csproj", "{370467ED-E4E7-4A4A-AE4F-D130026F6D00}"
EndProject
Project("{9A19103F-16F7-4668-BE54-9A1E7A4F7556}") = "CasgemMicroservices.Catalog", "Services\Catalog\CasgemMicroservices.Catalog\CasgemMicroservices.Catalog.csproj", "{54B92DE8-AD52-4366-9423-D4555891F3D2}"
EndProject
Project("{2150E333-8FDC-42A3-9474-1A3956D46DE8}") = "Shared", "Shared", "{A2F73A00-B894-4C9E-B886-FF062B3FEC81}"
EndProject
Project("{FAE04EC0-301F-11D3-BF4B-00C04F79EFBC}") = "Casgem_MicroServices.Shared", "Shared\Casgem_MicroServices.Shared\Casgem_MicroServices.Shared.csproj", "{B58E8953-028F-4AF2-9B71-ED2DBEEF3E13}"
EndProject
Global
	GlobalSection(SolutionConfigurationPlatforms) = preSolution
		Debug|Any CPU = Debug|Any CPU
		Release|Any CPU = Release|Any CPU
	EndGlobalSection
	GlobalSection(ProjectConfigurationPlatforms) = postSolution
		{3C7C7CCB-5FEC-4D9F-B35A-A87D2A03CFC4}.Debug|Any CPU.ActiveCfg = Debug|Any CPU
		{3C7C7CCB-5FEC-4D9F-B35A-A87D2A03CFC4}.Debug|Any CPU.Build.0 = Debug|Any CPU
		{3C7C7CCB-5FEC-4D9F-B35A-A87D2A03CFC4}.Release|Any CPU.ActiveCfg = Release|Any CPU
		{3C7C7CCB-5FEC-4D9F-B35A-A87D2A03CFC4}.Release|Any CPU.Build.0 = Release|Any CPU
		{C4B84976-0949-4B7A-B47D-CBD9DA635AD8}.Debug|Any CPU.ActiveCfg = Debug|Any CPU
		{C4B84976-0949-4B7A-B47D-CBD9DA635AD8}.Debug|Any CPU.Build.0 = Debug|Any CPU
		{C4B84976-0949-4B7A-B47D-CBD9DA635AD8}.Release|Any CPU.ActiveCfg = Release|Any CPU
		{C4B84976-0949-4B7A-B47D-CBD9DA635AD8}.Release|Any CPU.Build.0 = Release|Any CPU
		{8C38FE8C-BBBF-4C14-81EF-820681E50E5F}.Debug|Any CPU.ActiveCfg = Debug|Any CPU
		{8C38FE8C-BBBF-4C14-81EF-820681E50E5F}.Debug|Any CPU.Build.0 = Debug|Any CPU
		{8C38FE8C-BBBF-4C14-81EF-820681E50E5F}.Release|Any CPU.ActiveCfg = Release|Any CPU
		{8C38FE8C-BBBF-4C14-81EF-820681E50E5F}.Release|Any CPU.Build.0 = Release|Any CPU
		{FF4ADA2B-E993-4A84-9755-9110C01C2914}.Debug|Any CPU.ActiveCfg = Debug|Any CPU
		{FF4ADA2B-E993-4A84-9755-9110C01C2914}.Debug|Any CPU.Build.0 = Debug|Any CPU
		{FF4ADA2B-E993-4A84-9755-9110C01C2914}.Release|Any CPU.ActiveCfg = Release|Any CPU
		{FF4ADA2B-E993-4A84-9755-9110C01C2914}.Release|Any CPU.Build.0 = Release|Any CPU
		{370467ED-E4E7-4A4A-AE4F-D130026F6D00}.Debug|Any CPU.ActiveCfg = Debug|Any CPU
		{370467ED-E4E7-4A4A-AE4F-D130026F6D00}.Debug|Any CPU.Build.0 = Debug|Any CPU
		{370467ED-E4E7-4A4A-AE4F-D130026F6D00}.Release|Any CPU.ActiveCfg = Release|Any CPU
		{370467ED-E4E7-4A4A-AE4F-D130026F6D00}.Release|Any CPU.Build.0 = Release|Any CPU
		{54B92DE8-AD52-4366-9423-D4555891F3D2}.Debug|Any CPU.ActiveCfg = Debug|Any CPU
		{54B92DE8-AD52-4366-9423-D4555891F3D2}.Debug|Any CPU.Build.0 = Debug|Any CPU
		{54B92DE8-AD52-4366-9423-D4555891F3D2}.Release|Any CPU.ActiveCfg = Release|Any CPU
		{54B92DE8-AD52-4366-9423-D4555891F3D2}.Release|Any CPU.Build.0 = Release|Any CPU
		{B58E8953-028F-4AF2-9B71-ED2DBEEF3E13}.Debug|Any CPU.ActiveCfg = Debug|Any CPU
		{B58E8953-028F-4AF2-9B71-ED2DBEEF3E13}.Debug|Any CPU.Build.0 = Debug|Any CPU
		{B58E8953-028F-4AF2-9B71-ED2DBEEF3E13}.Release|Any CPU.ActiveCfg = Release|Any CPU
		{B58E8953-028F-4AF2-9B71-ED2DBEEF3E13}.Release|Any CPU.Build.0 = Release|Any CPU
	EndGlobalSection
	GlobalSection(SolutionProperties) = preSolution
		HideSolutionNode = FALSE
	EndGlobalSection
	GlobalSection(NestedProjects) = preSolution
		{0C0D7E0F-2B23-4565-9AFD-B0D33EB4DE98} = {BE361394-908A-45EC-B5F0-A81DCDC2FDCA}
		{66DAAD1D-0109-4680-B2BC-6423EEF96EDC} = {BE361394-908A-45EC-B5F0-A81DCDC2FDCA}
		{021A3B6B-45F2-4B3F-8471-97A67020AA82} = {BE361394-908A-45EC-B5F0-A81DCDC2FDCA}
		{7FDD7FF8-74EF-4AC4-880A-7395FA58A403} = {BE361394-908A-45EC-B5F0-A81DCDC2FDCA}
		{B38C0C65-611F-4CFF-A597-EBF94A257688} = {BE361394-908A-45EC-B5F0-A81DCDC2FDCA}
		{629CC116-B2A6-49FF-BE4D-1E12163FAC8D} = {BE361394-908A-45EC-B5F0-A81DCDC2FDCA}
		{3C7C7CCB-5FEC-4D9F-B35A-A87D2A03CFC4} = {0C0D7E0F-2B23-4565-9AFD-B0D33EB4DE98}
		{C4B84976-0949-4B7A-B47D-CBD9DA635AD8} = {7FDD7FF8-74EF-4AC4-880A-7395FA58A403}
		{8C38FE8C-BBBF-4C14-81EF-820681E50E5F} = {66DAAD1D-0109-4680-B2BC-6423EEF96EDC}
		{FF4ADA2B-E993-4A84-9755-9110C01C2914} = {629CC116-B2A6-49FF-BE4D-1E12163FAC8D}
		{370467ED-E4E7-4A4A-AE4F-D130026F6D00} = {B38C0C65-611F-4CFF-A597-EBF94A257688}
		{54B92DE8-AD52-4366-9423-D4555891F3D2} = {021A3B6B-45F2-4B3F-8471-97A67020AA82}
		{B58E8953-028F-4AF2-9B71-ED2DBEEF3E13} = {A2F73A00-B894-4C9E-B886-FF062B3FEC81}
	EndGlobalSection
	GlobalSection(ExtensibilityGlobals) = postSolution
		SolutionGuid = {4572151B-C4F1-4833-9A36-8A6888FF6DB5}
	EndGlobalSection
EndGlobal
